
Microsoft Visual Studio Solution File, Format Version 12.00
# Visual Studio Version 17
VisualStudioVersion = 17.2.32630.192
MinimumVisualStudioVersion = 10.0.40219.1
Project("{FAE04EC0-301F-11D3-BF4B-00C04F79EFBC}") = "Backend", "Backend\Backend.csproj", "{90ABE992-F244-40FC-B356-920B3124A502}"
EndProject
Global
	GlobalSection(SolutionConfigurationPlatforms) = preSolution
		Debug|Any CPU = Debug|Any CPU
		Release|Any CPU = Release|Any CPU
	EndGlobalSection
	GlobalSection(ProjectConfigurationPlatforms) = postSolution
		{90ABE992-F244-40FC-B356-920B3124A502}.Debug|Any CPU.ActiveCfg = Debug|Any CPU
		{90ABE992-F244-40FC-B356-920B3124A502}.Debug|Any CPU.Build.0 = Debug|Any CPU
		{90ABE992-F244-40FC-B356-920B3124A502}.Release|Any CPU.ActiveCfg = Release|Any CPU
		{90ABE992-F244-40FC-B356-920B3124A502}.Release|Any CPU.Build.0 = Release|Any CPU
	EndGlobalSection
	GlobalSection(SolutionProperties) = preSolution
		HideSolutionNode = FALSE
	EndGlobalSection
	GlobalSection(ExtensibilityGlobals) = postSolution
		SolutionGuid = {0D5C8BC3-0426-44F7-A000-5736C9DB6BEE}
	EndGlobalSection
EndGlobal
